// !$*UTF8*$!
{
	archiveVersion = 1;
	classes = {
	};
	objectVersion = 50;
	objects = {

/* Begin PBXBuildFile section */
		C03A452924DAF7FF0014146E /* AppDelegate.swift in Sources */ = {isa = PBXBuildFile; fileRef = C03A452824DAF7FF0014146E /* AppDelegate.swift */; };
		C03A452B24DAF7FF0014146E /* SceneDelegate.swift in Sources */ = {isa = PBXBuildFile; fileRef = C03A452A24DAF7FF0014146E /* SceneDelegate.swift */; };
		C03A452D24DAF7FF0014146E /* ViewController.swift in Sources */ = {isa = PBXBuildFile; fileRef = C03A452C24DAF7FF0014146E /* ViewController.swift */; };
		C03A453024DAF7FF0014146E /* Main.storyboard in Resources */ = {isa = PBXBuildFile; fileRef = C03A452E24DAF7FF0014146E /* Main.storyboard */; };
		C03A453224DAF8020014146E /* Assets.xcassets in Resources */ = {isa = PBXBuildFile; fileRef = C03A453124DAF8020014146E /* Assets.xcassets */; };
		C03A453524DAF8020014146E /* LaunchScreen.storyboard in Resources */ = {isa = PBXBuildFile; fileRef = C03A453324DAF8020014146E /* LaunchScreen.storyboard */; };
/* End PBXBuildFile section */

/* Begin PBXFileReference section */
		C03A452524DAF7FF0014146E /* MovieInfo.app */ = {isa = PBXFileReference; explicitFileType = wrapper.application; includeInIndex = 0; path = MovieInfo.app; sourceTree = BUILT_PRODUCTS_DIR; };
		C03A452824DAF7FF0014146E /* AppDelegate.swift */ = {isa = PBXFileReference; lastKnownFileType = sourcecode.swift; path = AppDelegate.swift; sourceTree = "<group>"; };
		C03A452A24DAF7FF0014146E /* SceneDelegate.swift */ = {isa = PBXFileReference; lastKnownFileType = sourcecode.swift; path = SceneDelegate.swift; sourceTree = "<group>"; };
		C03A452C24DAF7FF0014146E /* ViewController.swift */ = {isa = PBXFileReference; lastKnownFileType = sourcecode.swift; path = ViewController.swift; sourceTree = "<group>"; };
		C03A452F24DAF7FF0014146E /* Base */ = {isa = PBXFileReference; lastKnownFileType = file.storyboard; name = Base; path = Base.lproj/Main.storyboard; sourceTree = "<group>"; };
		C03A453124DAF8020014146E /* Assets.xcassets */ = {isa = PBXFileReference; lastKnownFileType = folder.assetcatalog; path = Assets.xcassets; sourceTree = "<group>"; };
		C03A453424DAF8020014146E /* Base */ = {isa = PBXFileReference; lastKnownFileType = file.storyboard; name = Base; path = Base.lproj/LaunchScreen.storyboard; sourceTree = "<group>"; };
		C03A453624DAF8020014146E /* Info.plist */ = {isa = PBXFileReference; lastKnownFileType = text.plist.xml; path = Info.plist; sourceTree = "<group>"; };
/* End PBXFileReference section */

/* Begin PBXFrameworksBuildPhase section */
		C03A452224DAF7FF0014146E /* Frameworks */ = {
			isa = PBXFrameworksBuildPhase;
			buildActionMask = 2147483647;
			files = (
			);
			runOnlyForDeploymentPostprocessing = 0;
		};
/* End PBXFrameworksBuildPhase section */

/* Begin PBXGroup section */
		C03A451C24DAF7FF0014146E = {
			isa = PBXGroup;
			children = (
				C03A452724DAF7FF0014146E /* MovieInfo */,
				C03A452624DAF7FF0014146E /* Products */,
			);
			sourceTree = "<group>";
		};
		C03A452624DAF7FF0014146E /* Products */ = {
			isa = PBXGroup;
			children = (
				C03A452524DAF7FF0014146E /* MovieInfo.app */,
			);
			name = Products;
			sourceTree = "<group>";
		};
		C03A452724DAF7FF0014146E /* MovieInfo */ = {
			isa = PBXGroup;
			children = (
				C03A452824DAF7FF0014146E /* AppDelegate.swift */,
				C03A452A24DAF7FF0014146E /* SceneDelegate.swift */,
				C03A452C24DAF7FF0014146E /* ViewController.swift */,
				C03A452E24DAF7FF0014146E /* Main.storyboard */,
				C03A453124DAF8020014146E /* Assets.xcassets */,
				C03A453324DAF8020014146E /* LaunchScreen.storyboard */,
				C03A453624DAF8020014146E /* Info.plist */,
			);
			path = MovieInfo;
			sourceTree = "<group>";
		};
/* End PBXGroup section */

/* Begin PBXNativeTarget section */
		C03A452424DAF7FF0014146E /* MovieInfo */ = {
			isa = PBXNativeTarget;
			buildConfigurationList = C03A453924DAF8020014146E /* Build configuration list for PBXNativeTarget "MovieInfo" */;
			buildPhases = (
				C03A452124DAF7FF0014146E /* Sources */,
				C03A452224DAF7FF0014146E /* Frameworks */,
				C03A452324DAF7FF0014146E /* Resources */,
			);
			buildRules = (
			);
			dependencies = (
			);
			name = MovieInfo;
			productName = MovieInfo;
			productReference = C03A452524DAF7FF0014146E /* MovieInfo.app */;
			productType = "com.apple.product-type.application";
		};
/* End PBXNativeTarget section */

/* Begin PBXProject section */
		C03A451D24DAF7FF0014146E /* Project object */ = {
			isa = PBXProject;
			attributes = {
				LastSwiftUpdateCheck = 1140;
				LastUpgradeCheck = 1140;
				ORGANIZATIONNAME = "Carlos Gutierrez Casado";
				TargetAttributes = {
					C03A452424DAF7FF0014146E = {
						CreatedOnToolsVersion = 11.4;
					};
				};
			};
			buildConfigurationList = C03A452024DAF7FF0014146E /* Build configuration list for PBXProject "MovieInfo" */;
			compatibilityVersion = "Xcode 9.3";
			developmentRegion = en;
			hasScannedForEncodings = 0;
			knownRegions = (
				en,
				Base,
			);
			mainGroup = C03A451C24DAF7FF0014146E;
			productRefGroup = C03A452624DAF7FF0014146E /* Products */;
			projectDirPath = "";
			projectRoot = "";
			targets = (
				C03A452424DAF7FF0014146E /* MovieInfo */,
			);
		};
/* End PBXProject section */

/* Begin PBXResourcesBuildPhase section */
		C03A452324DAF7FF0014146E /* Resources */ = {
			isa = PBXResourcesBuildPhase;
			buildActionMask = 2147483647;
			files = (
				C03A453524DAF8020014146E /* LaunchScreen.storyboard in Resources */,
				C03A453224DAF8020014146E /* Assets.xcassets in Resources */,
				C03A453024DAF7FF0014146E /* Main.storyboard in Resources */,
			);
			runOnlyForDeploymentPostprocessing = 0;
		};
/* End PBXResourcesBuildPhase section */

/* Begin PBXSourcesBuildPhase section */
		C03A452124DAF7FF0014146E /* Sources */ = {
			isa = PBXSourcesBuildPhase;
			buildActionMask = 2147483647;
			files = (
				C03A452D24DAF7FF0014146E /* ViewController.swift in Sources */,
				C03A452924DAF7FF0014146E /* AppDelegate.swift in Sources */,
				C03A452B24DAF7FF0014146E /* SceneDelegate.swift in Sources */,
			);
			runOnlyForDeploymentPostprocessing = 0;
		};
/* End PBXSourcesBuildPhase section */

/* Begin PBXVariantGroup section */
		C03A452E24DAF7FF0014146E /* Main.storyboard */ = {
			isa = PBXVariantGroup;
			children = (
				C03A452F24DAF7FF0014146E /* Base */,
			);
			name = Main.storyboard;
			sourceTree = "<group>";
		};
		C03A453324DAF8020014146E /* LaunchScreen.storyboard */ = {
			isa = PBXVariantGroup;
			children = (
				C03A453424DAF8020014146E /* Base */,
			);
			name = LaunchScreen.storyboard;
			sourceTree = "<group>";
		};
/* End PBXVariantGroup section */

/* Begin XCBuildConfiguration section */
		C03A453724DAF8020014146E /* Debug */ = {
			isa = XCBuildConfiguration;
			buildSettings = {
				ALWAYS_SEARCH_USER_PATHS = NO;
				CLANG_ANALYZER_NONNULL = YES;
				CLANG_ANALYZER_NUMBER_OBJECT_CONVERSION = YES_AGGRESSIVE;
				CLANG_CXX_LANGUAGE_STANDARD = "gnu++14";
				CLANG_CXX_LIBRARY = "libc++";
				CLANG_ENABLE_MODULES = YES;
				CLANG_ENABLE_OBJC_ARC = YES;
				CLANG_ENABLE_OBJC_WEAK = YES;
				CLANG_WARN_BLOCK_CAPTURE_AUTORELEASING = YES;
				CLANG_WARN_BOOL_CONVERSION = YES;
				CLANG_WARN_COMMA = YES;
				CLANG_WARN_CONSTANT_CONVERSION = YES;
				CLANG_WARN_DEPRECATED_OBJC_IMPLEMENTATIONS = YES;
				CLANG_WARN_DIRECT_OBJC_ISA_USAGE = YES_ERROR;
				CLANG_WARN_DOCUMENTATION_COMMENTS = YES;
				CLANG_WARN_EMPTY_BODY = YES;
				CLANG_WARN_ENUM_CONVERSION = YES;
				CLANG_WARN_INFINITE_RECURSION = YES;
				CLANG_WARN_INT_CONVERSION = YES;
				CLANG_WARN_NON_LITERAL_NULL_CONVERSION = YES;
				CLANG_WARN_OBJC_IMPLICIT_RETAIN_SELF = YES;
				CLANG_WARN_OBJC_LITERAL_CONVERSION = YES;
				CLANG_WARN_OBJC_ROOT_CLASS = YES_ERROR;
				CLANG_WARN_RANGE_LOOP_ANALYSIS = YES;
				CLANG_WARN_STRICT_PROTOTYPES = YES;
				CLANG_WARN_SUSPICIOUS_MOVE = YES;
				CLANG_WARN_UNGUARDED_AVAILABILITY = YES_AGGRESSIVE;
				CLANG_WARN_UNREACHABLE_CODE = YES;
				CLANG_WARN__DUPLICATE_METHOD_MATCH = YES;
				COPY_PHASE_STRIP = NO;
				DEBUG_INFORMATION_FORMAT = dwarf;
				ENABLE_STRICT_OBJC_MSGSEND = YES;
				ENABLE_TESTABILITY = YES;
				GCC_C_LANGUAGE_STANDARD = gnu11;
				GCC_DYNAMIC_NO_PIC = NO;
				GCC_NO_COMMON_BLOCKS = YES;
				GCC_OPTIMIZATION_LEVEL = 0;
				GCC_PREPROCESSOR_DEFINITIONS = (
					"DEBUG=1",
					"$(inherited)",
				);
				GCC_WARN_64_TO_32_BIT_CONVERSION = YES;
				GCC_WARN_ABOUT_RETURN_TYPE = YES_ERROR;
				GCC_WARN_UNDECLARED_SELECTOR = YES;
				GCC_WARN_UNINITIALIZED_AUTOS = YES_AGGRESSIVE;
				GCC_WARN_UNUSED_FUNCTION = YES;
				GCC_WARN_UNUSED_VARIABLE = YES;
				IPHONEOS_DEPLOYMENT_TARGET = 13.4;
				MTL_ENABLE_DEBUG_INFO = INCLUDE_SOURCE;
				MTL_FAST_MATH = YES;
				ONLY_ACTIVE_ARCH = YES;
				SDKROOT = iphoneos;
				SWIFT_ACTIVE_COMPILATION_CONDITIONS = DEBUG;
				SWIFT_OPTIMIZATION_LEVEL = "-Onone";
			};
			name = Debug;
		};
		C03A453824DAF8020014146E /* Release */ = {
			isa = XCBuildConfiguration;
			buildSettings = {
				ALWAYS_SEARCH_USER_PATHS = NO;
				CLANG_ANALYZER_NONNULL = YES;
				CLANG_ANALYZER_NUMBER_OBJECT_CONVERSION = YES_AGGRESSIVE;
				CLANG_CXX_LANGUAGE_STANDARD = "gnu++14";
				CLANG_CXX_LIBRARY = "libc++";
				CLANG_ENABLE_MODULES = YES;
				CLANG_ENABLE_OBJC_ARC = YES;
				CLANG_ENABLE_OBJC_WEAK = YES;
				CLANG_WARN_BLOCK_CAPTURE_AUTORELEASING = YES;
				CLANG_WARN_BOOL_CONVERSION = YES;
				CLANG_WARN_COMMA = YES;
				CLANG_WARN_CONSTANT_CONVERSION = YES;
				CLANG_WARN_DEPRECATED_OBJC_IMPLEMENTATIONS = YES;
				CLANG_WARN_DIRECT_OBJC_ISA_USAGE = YES_ERROR;
				CLANG_WARN_DOCUMENTATION_COMMENTS = YES;
				CLANG_WARN_EMPTY_BODY = YES;
				CLANG_WARN_ENUM_CONVERSION = YES;
				CLANG_WARN_INFINITE_RECURSION = YES;
				CLANG_WARN_INT_CONVERSION = YES;
				CLANG_WARN_NON_LITERAL_NULL_CONVERSION = YES;
				CLANG_WARN_OBJC_IMPLICIT_RETAIN_SELF = YES;
				CLANG_WARN_OBJC_LITERAL_CONVERSION = YES;
				CLANG_WARN_OBJC_ROOT_CLASS = YES_ERROR;
				CLANG_WARN_RANGE_LOOP_ANALYSIS = YES;
				CLANG_WARN_STRICT_PROTOTYPES = YES;
				CLANG_WARN_SUSPICIOUS_MOVE = YES;
				CLANG_WARN_UNGUARDED_AVAILABILITY = YES_AGGRESSIVE;
				CLANG_WARN_UNREACHABLE_CODE = YES;
				CLANG_WARN__DUPLICATE_METHOD_MATCH = YES;
				COPY_PHASE_STRIP = NO;
				DEBUG_INFORMATION_FORMAT = "dwarf-with-dsym";
				ENABLE_NS_ASSERTIONS = NO;
				ENABLE_STRICT_OBJC_MSGSEND = YES;
				GCC_C_LANGUAGE_STANDARD = gnu11;
				GCC_NO_COMMON_BLOCKS = YES;
				GCC_WARN_64_TO_32_BIT_CONVERSION = YES;
				GCC_WARN_ABOUT_RETURN_TYPE = YES_ERROR;
				GCC_WARN_UNDECLARED_SELECTOR = YES;
				GCC_WARN_UNINITIALIZED_AUTOS = YES_AGGRESSIVE;
				GCC_WARN_UNUSED_FUNCTION = YES;
				GCC_WARN_UNUSED_VARIABLE = YES;
				IPHONEOS_DEPLOYMENT_TARGET = 13.4;
				MTL_ENABLE_DEBUG_INFO = NO;
				MTL_FAST_MATH = YES;
				SDKROOT = iphoneos;
				SWIFT_COMPILATION_MODE = wholemodule;
				SWIFT_OPTIMIZATION_LEVEL = "-O";
				VALIDATE_PRODUCT = YES;
			};
			name = Release;
		};
		C03A453A24DAF8020014146E /* Debug */ = {
			isa = XCBuildConfiguration;
			buildSettings = {
				ASSETCATALOG_COMPILER_APPICON_NAME = AppIcon;
				CODE_SIGN_STYLE = Automatic;
				DEVELOPMENT_TEAM = W94EEEX7Y4;
				INFOPLIST_FILE = MovieInfo/Info.plist;
				LD_RUNPATH_SEARCH_PATHS = (
					"$(inherited)",
					"@executable_path/Frameworks",
				);
				PRODUCT_BUNDLE_IDENTIFIER = com.CarlosGutierrez.MovieInfo;
				PRODUCT_NAME = "$(TARGET_NAME)";
				SWIFT_VERSION = 5.0;
				TARGETED_DEVICE_FAMILY = "1,2";
			};
			name = Debug;
		};
		C03A453B24DAF8020014146E /* Release */ = {
			isa = XCBuildConfiguration;
			buildSettings = {
				ASSETCATALOG_COMPILER_APPICON_NAME = AppIcon;
				CODE_SIGN_STYLE = Automatic;
				DEVELOPMENT_TEAM = W94EEEX7Y4;
				INFOPLIST_FILE = MovieInfo/Info.plist;
				LD_RUNPATH_SEARCH_PATHS = (
					"$(inherited)",
					"@executable_path/Frameworks",
				);
				PRODUCT_BUNDLE_IDENTIFIER = com.CarlosGutierrez.MovieInfo;
				PRODUCT_NAME = "$(TARGET_NAME)";
				SWIFT_VERSION = 5.0;
				TARGETED_DEVICE_FAMILY = "1,2";
			};
			name = Release;
		};
/* End XCBuildConfiguration section */

/* Begin XCConfigurationList section */
		C03A452024DAF7FF0014146E /* Build configuration list for PBXProject "MovieInfo" */ = {
			isa = XCConfigurationList;
			buildConfigurations = (
				C03A453724DAF8020014146E /* Debug */,
				C03A453824DAF8020014146E /* Release */,
			);
			defaultConfigurationIsVisible = 0;
			defaultConfigurationName = Release;
		};
		C03A453924DAF8020014146E /* Build configuration list for PBXNativeTarget "MovieInfo" */ = {
			isa = XCConfigurationList;
			buildConfigurations = (
				C03A453A24DAF8020014146E /* Debug */,
				C03A453B24DAF8020014146E /* Release */,
			);
			defaultConfigurationIsVisible = 0;
			defaultConfigurationName = Release;
		};
/* End XCConfigurationList section */
	};
	rootObject = C03A451D24DAF7FF0014146E /* Project object */;
}
